
Microsoft Visual Studio Solution File, Format Version 12.00
# Visual Studio Version 17
VisualStudioVersion = 17.6.33829.357
MinimumVisualStudioVersion = 10.0.40219.1
Project("{9A19103F-16F7-4668-BE54-9A1E7A4F7556}") = "CMPG323_Project2", "CMPG323_Project2.csproj", "{8937F6B9-4263-46FA-AF46-A4DD21D1C0EB}"
EndProject
Global
	GlobalSection(SolutionConfigurationPlatforms) = preSolution
		Debug|Any CPU = Debug|Any CPU
		Release|Any CPU = Release|Any CPU
	EndGlobalSection
	GlobalSection(ProjectConfigurationPlatforms) = postSolution
		{8937F6B9-4263-46FA-AF46-A4DD21D1C0EB}.Debug|Any CPU.ActiveCfg = Debug|Any CPU
		{8937F6B9-4263-46FA-AF46-A4DD21D1C0EB}.Debug|Any CPU.Build.0 = Debug|Any CPU
		{8937F6B9-4263-46FA-AF46-A4DD21D1C0EB}.Release|Any CPU.ActiveCfg = Release|Any CPU
		{8937F6B9-4263-46FA-AF46-A4DD21D1C0EB}.Release|Any CPU.Build.0 = Release|Any CPU
	EndGlobalSection
	GlobalSection(SolutionProperties) = preSolution
		HideSolutionNode = FALSE
	EndGlobalSection
	GlobalSection(ExtensibilityGlobals) = postSolution
		SolutionGuid = {33129FB0-4519-4CF1-9091-96BDDFD9CC83}
	EndGlobalSection
EndGlobal
